
Microsoft Visual Studio Solution File, Format Version 11.00
# Visual Studio 2010
Project("{F184B08F-C81C-45F6-A57F-5ABD9991F28F}") = "BukkitUpdate", "BukkitUpdate\BukkitUpdate.vbproj", "{00477E25-C2C3-471E-8642-FFC5B19AAE6D}"
EndProject
Global
	GlobalSection(SolutionConfigurationPlatforms) = preSolution
		Debug|x86 = Debug|x86
		Release|x86 = Release|x86
	EndGlobalSection
	GlobalSection(ProjectConfigurationPlatforms) = postSolution
		{00477E25-C2C3-471E-8642-FFC5B19AAE6D}.Debug|x86.ActiveCfg = Debug|x86
		{00477E25-C2C3-471E-8642-FFC5B19AAE6D}.Debug|x86.Build.0 = Debug|x86
		{00477E25-C2C3-471E-8642-FFC5B19AAE6D}.Release|x86.ActiveCfg = Release|x86
		{00477E25-C2C3-471E-8642-FFC5B19AAE6D}.Release|x86.Build.0 = Release|x86
	EndGlobalSection
	GlobalSection(SolutionProperties) = preSolution
		HideSolutionNode = FALSE
	EndGlobalSection
EndGlobal
